# THIS IS AN AUTOGENERATED FILE. DO NOT EDIT THIS FILE DIRECTLY.
# yarn lockfile v1


"@types/stats.js@^0.17.0":
  version "0.17.0"
  resolved "https://registry.yarnpkg.com/@types/stats.js/-/stats.js-0.17.0.tgz#0ed81d48e03b590c24da85540c1d952077a9fe20"
  integrity sha512-9w+a7bR8PeB0dCT/HBULU2fMqf6BAzvKbxFboYhmDtDkKPiyXYbjoe2auwsXlEFI7CFNMF1dCv3dFH5Poy9R1w==

"@types/three@^0.131.0":
  version "0.131.0"
  resolved "https://registry.yarnpkg.com/@types/three/-/three-0.131.0.tgz#98f59887b05f71e665cf2fbdf04e0e4ceb9f89b6"
  integrity sha512-4VCtsDi6mIId96GcGKG91e2Y6VwU2T0u/YB7vCFJh1kXik93arxn7l9tVZHo1LXOtgCJJDdC+e1fwf2Vu/4ySw==

stats.js@^0.17.0:
  version "0.17.0"
  resolved "https://registry.yarnpkg.com/stats.js/-/stats.js-0.17.0.tgz#b1c3dc46d94498b578b7fd3985b81ace7131cc7d"
  integrity sha1-scPcRtlEmLV4t/05hbgaznExzH0=

three@^0.131.3:
  version "0.131.3"
  resolved "https://registry.yarnpkg.com/three/-/three-0.131.3.tgz#406fd210c603ca9154937ae3582996fbfd3cb716"
  integrity sha512-VkZAv8ZTJqiE/fyEmoWLxcNHImpVcjqW7RO0GzMu3tRpwO0KUvK9pjTmJzJcAbc51BOeB2G38zh80yjHTbP8gQ==
